// !$*UTF8*$!
{
	archiveVersion = 1;
	classes = {
	};
	objectVersion = 46;
	objects = {

/* Begin PBXBuildFile section */
		66104EF61627BAED004FD90C /* popover-arrow.png in Resources */ = {isa = PBXBuildFile; fileRef = 66104EF21627BAED004FD90C /* popover-arrow.png */; };
		66104EF71627BAED004FD90C /* popover-arrow@2x.png in Resources */ = {isa = PBXBuildFile; fileRef = 66104EF31627BAED004FD90C /* popover-arrow@2x.png */; };
		66104EF81627BAED004FD90C /* popover-background.png in Resources */ = {isa = PBXBuildFile; fileRef = 66104EF41627BAED004FD90C /* popover-background.png */; };
		66104EF91627BAED004FD90C /* popover-background@2x.png in Resources */ = {isa = PBXBuildFile; fileRef = 66104EF51627BAED004FD90C /* popover-background@2x.png */; };
		66104EFC1627C197004FD90C /* normal-button.png in Resources */ = {isa = PBXBuildFile; fileRef = 66104EFA1627C197004FD90C /* normal-button.png */; };
		66104EFD1627C197004FD90C /* normal-button@2x.png in Resources */ = {isa = PBXBuildFile; fileRef = 66104EFB1627C197004FD90C /* normal-button@2x.png */; };
		66104F001627C271004FD90C /* normal-button-pressed.png in Resources */ = {isa = PBXBuildFile; fileRef = 66104EFE1627C271004FD90C /* normal-button-pressed.png */; };
		66104F011627C271004FD90C /* normal-button-pressed@2x.png in Resources */ = {isa = PBXBuildFile; fileRef = 66104EFF1627C271004FD90C /* normal-button-pressed@2x.png */; };
		66104F041627C82D004FD90C /* destructive-button.png in Resources */ = {isa = PBXBuildFile; fileRef = 66104F021627C82D004FD90C /* destructive-button.png */; };
		66104F051627C82D004FD90C /* destructive-button@2x.png in Resources */ = {isa = PBXBuildFile; fileRef = 66104F031627C82D004FD90C /* destructive-button@2x.png */; };
		66104F081627C83A004FD90C /* destructive-button-pressed.png in Resources */ = {isa = PBXBuildFile; fileRef = 66104F061627C83A004FD90C /* destructive-button-pressed.png */; };
		66104F091627C83A004FD90C /* destructive-button-pressed@2x.png in Resources */ = {isa = PBXBuildFile; fileRef = 66104F071627C83A004FD90C /* destructive-button-pressed@2x.png */; };
		6613AB44162826E200BF8C3D /* Icon.png in Resources */ = {isa = PBXBuildFile; fileRef = 6613AB43162826E200BF8C3D /* Icon.png */; };
		6613AB46162826F200BF8C3D /* Icon@2x.png in Resources */ = {isa = PBXBuildFile; fileRef = 6613AB45162826F200BF8C3D /* Icon@2x.png */; };
		669EF70716186ED800456B55 /* UIKit.framework in Frameworks */ = {isa = PBXBuildFile; fileRef = 669EF70616186ED800456B55 /* UIKit.framework */; };
		669EF70916186ED800456B55 /* Foundation.framework in Frameworks */ = {isa = PBXBuildFile; fileRef = 669EF70816186ED800456B55 /* Foundation.framework */; };
		669EF70B16186ED800456B55 /* CoreGraphics.framework in Frameworks */ = {isa = PBXBuildFile; fileRef = 669EF70A16186ED800456B55 /* CoreGraphics.framework */; };
		669EF71116186ED800456B55 /* InfoPlist.strings in Resources */ = {isa = PBXBuildFile; fileRef = 669EF70F16186ED800456B55 /* InfoPlist.strings */; };
		669EF71316186ED800456B55 /* main.m in Sources */ = {isa = PBXBuildFile; fileRef = 669EF71216186ED800456B55 /* main.m */; };
		669EF71716186ED800456B55 /* LTKAppDelegate.m in Sources */ = {isa = PBXBuildFile; fileRef = 669EF71616186ED800456B55 /* LTKAppDelegate.m */; };
		669EF71916186ED800456B55 /* Default.png in Resources */ = {isa = PBXBuildFile; fileRef = 669EF71816186ED800456B55 /* Default.png */; };
		669EF71B16186ED800456B55 /* Default@2x.png in Resources */ = {isa = PBXBuildFile; fileRef = 669EF71A16186ED800456B55 /* Default@2x.png */; };
		669EF71D16186ED800456B55 /* Default-568h@2x.png in Resources */ = {isa = PBXBuildFile; fileRef = 669EF71C16186ED800456B55 /* Default-568h@2x.png */; };
		669EF72016186ED800456B55 /* LTKViewController.m in Sources */ = {isa = PBXBuildFile; fileRef = 669EF71F16186ED800456B55 /* LTKViewController.m */; };
		669EF72316186ED800456B55 /* LTKViewController.xib in Resources */ = {isa = PBXBuildFile; fileRef = 669EF72116186ED800456B55 /* LTKViewController.xib */; };
		669EF73016186FD000456B55 /* LTKPopoverActionSheet.m in Sources */ = {isa = PBXBuildFile; fileRef = 669EF72F16186FD000456B55 /* LTKPopoverActionSheet.m */; };
		66FCA80C162258FE00253DF5 /* LTKPopoverBackgroundView.m in Sources */ = {isa = PBXBuildFile; fileRef = 66FCA80B162258FE00253DF5 /* LTKPopoverBackgroundView.m */; };
/* End PBXBuildFile section */

/* Begin PBXFileReference section */
		66104EF21627BAED004FD90C /* popover-arrow.png */ = {isa = PBXFileReference; lastKnownFileType = image.png; path = "popover-arrow.png"; sourceTree = "<group>"; };
		66104EF31627BAED004FD90C /* popover-arrow@2x.png */ = {isa = PBXFileReference; lastKnownFileType = image.png; path = "popover-arrow@2x.png"; sourceTree = "<group>"; };
		66104EF41627BAED004FD90C /* popover-background.png */ = {isa = PBXFileReference; lastKnownFileType = image.png; path = "popover-background.png"; sourceTree = "<group>"; };
		66104EF51627BAED004FD90C /* popover-background@2x.png */ = {isa = PBXFileReference; lastKnownFileType = image.png; path = "popover-background@2x.png"; sourceTree = "<group>"; };
		66104EFA1627C197004FD90C /* normal-button.png */ = {isa = PBXFileReference; lastKnownFileType = image.png; path = "normal-button.png"; sourceTree = "<group>"; };
		66104EFB1627C197004FD90C /* normal-button@2x.png */ = {isa = PBXFileReference; lastKnownFileType = image.png; path = "normal-button@2x.png"; sourceTree = "<group>"; };
		66104EFE1627C271004FD90C /* normal-button-pressed.png */ = {isa = PBXFileReference; lastKnownFileType = image.png; path = "normal-button-pressed.png"; sourceTree = "<group>"; };
		66104EFF1627C271004FD90C /* normal-button-pressed@2x.png */ = {isa = PBXFileReference; lastKnownFileType = image.png; path = "normal-button-pressed@2x.png"; sourceTree = "<group>"; };
		66104F021627C82D004FD90C /* destructive-button.png */ = {isa = PBXFileReference; lastKnownFileType = image.png; path = "destructive-button.png"; sourceTree = "<group>"; };
		66104F031627C82D004FD90C /* destructive-button@2x.png */ = {isa = PBXFileReference; lastKnownFileType = image.png; path = "destructive-button@2x.png"; sourceTree = "<group>"; };
		66104F061627C83A004FD90C /* destructive-button-pressed.png */ = {isa = PBXFileReference; lastKnownFileType = image.png; path = "destructive-button-pressed.png"; sourceTree = "<group>"; };
		66104F071627C83A004FD90C /* destructive-button-pressed@2x.png */ = {isa = PBXFileReference; lastKnownFileType = image.png; path = "destructive-button-pressed@2x.png"; sourceTree = "<group>"; };
		6613AB43162826E200BF8C3D /* Icon.png */ = {isa = PBXFileReference; lastKnownFileType = image.png; name = Icon.png; path = ../Icon.png; sourceTree = "<group>"; };
		6613AB45162826F200BF8C3D /* Icon@2x.png */ = {isa = PBXFileReference; lastKnownFileType = image.png; name = "Icon@2x.png"; path = "../Icon@2x.png"; sourceTree = "<group>"; };
		6658E91F1618D5C300D21DE8 /* LTKPopoverActionSheetDelegate.h */ = {isa = PBXFileReference; fileEncoding = 4; lastKnownFileType = sourcecode.c.h; path = LTKPopoverActionSheetDelegate.h; sourceTree = "<group>"; };
		669EF70216186ED800456B55 /* ActionSheet Example.app */ = {isa = PBXFileReference; explicitFileType = wrapper.application; includeInIndex = 0; path = "ActionSheet Example.app"; sourceTree = BUILT_PRODUCTS_DIR; };
		669EF70616186ED800456B55 /* UIKit.framework */ = {isa = PBXFileReference; lastKnownFileType = wrapper.framework; name = UIKit.framework; path = System/Library/Frameworks/UIKit.framework; sourceTree = SDKROOT; };
		669EF70816186ED800456B55 /* Foundation.framework */ = {isa = PBXFileReference; lastKnownFileType = wrapper.framework; name = Foundation.framework; path = System/Library/Frameworks/Foundation.framework; sourceTree = SDKROOT; };
		669EF70A16186ED800456B55 /* CoreGraphics.framework */ = {isa = PBXFileReference; lastKnownFileType = wrapper.framework; name = CoreGraphics.framework; path = System/Library/Frameworks/CoreGraphics.framework; sourceTree = SDKROOT; };
		669EF70E16186ED800456B55 /* ActionSheet Example-Info.plist */ = {isa = PBXFileReference; lastKnownFileType = text.plist.xml; path = "ActionSheet Example-Info.plist"; sourceTree = "<group>"; };
		669EF71016186ED800456B55 /* en */ = {isa = PBXFileReference; lastKnownFileType = text.plist.strings; name = en; path = en.lproj/InfoPlist.strings; sourceTree = "<group>"; };
		669EF71216186ED800456B55 /* main.m */ = {isa = PBXFileReference; lastKnownFileType = sourcecode.c.objc; path = main.m; sourceTree = "<group>"; };
		669EF71416186ED800456B55 /* ActionSheet Example-Prefix.pch */ = {isa = PBXFileReference; lastKnownFileType = sourcecode.c.h; path = "ActionSheet Example-Prefix.pch"; sourceTree = "<group>"; };
		669EF71516186ED800456B55 /* LTKAppDelegate.h */ = {isa = PBXFileReference; lastKnownFileType = sourcecode.c.h; path = LTKAppDelegate.h; sourceTree = "<group>"; };
		669EF71616186ED800456B55 /* LTKAppDelegate.m */ = {isa = PBXFileReference; lastKnownFileType = sourcecode.c.objc; path = LTKAppDelegate.m; sourceTree = "<group>"; };
		669EF71816186ED800456B55 /* Default.png */ = {isa = PBXFileReference; lastKnownFileType = image.png; path = Default.png; sourceTree = "<group>"; };
		669EF71A16186ED800456B55 /* Default@2x.png */ = {isa = PBXFileReference; lastKnownFileType = image.png; path = "Default@2x.png"; sourceTree = "<group>"; };
		669EF71C16186ED800456B55 /* Default-568h@2x.png */ = {isa = PBXFileReference; lastKnownFileType = image.png; path = "Default-568h@2x.png"; sourceTree = "<group>"; };
		669EF71E16186ED800456B55 /* LTKViewController.h */ = {isa = PBXFileReference; lastKnownFileType = sourcecode.c.h; path = LTKViewController.h; sourceTree = "<group>"; };
		669EF71F16186ED800456B55 /* LTKViewController.m */ = {isa = PBXFileReference; lastKnownFileType = sourcecode.c.objc; path = LTKViewController.m; sourceTree = "<group>"; };
		669EF72216186ED800456B55 /* en */ = {isa = PBXFileReference; lastKnownFileType = file.xib; name = en; path = en.lproj/LTKViewController.xib; sourceTree = "<group>"; };
		669EF72E16186FD000456B55 /* LTKPopoverActionSheet.h */ = {isa = PBXFileReference; fileEncoding = 4; lastKnownFileType = sourcecode.c.h; path = LTKPopoverActionSheet.h; sourceTree = "<group>"; };
		669EF72F16186FD000456B55 /* LTKPopoverActionSheet.m */ = {isa = PBXFileReference; fileEncoding = 4; lastKnownFileType = sourcecode.c.objc; path = LTKPopoverActionSheet.m; sourceTree = "<group>"; };
		66FCA80A162258FE00253DF5 /* LTKPopoverBackgroundView.h */ = {isa = PBXFileReference; fileEncoding = 4; lastKnownFileType = sourcecode.c.h; path = LTKPopoverBackgroundView.h; sourceTree = "<group>"; };
		66FCA80B162258FE00253DF5 /* LTKPopoverBackgroundView.m */ = {isa = PBXFileReference; fileEncoding = 4; lastKnownFileType = sourcecode.c.objc; path = LTKPopoverBackgroundView.m; sourceTree = "<group>"; };
/* End PBXFileReference section */

/* Begin PBXFrameworksBuildPhase section */
		669EF6FF16186ED800456B55 /* Frameworks */ = {
			isa = PBXFrameworksBuildPhase;
			buildActionMask = 2147483647;
			files = (
				669EF70716186ED800456B55 /* UIKit.framework in Frameworks */,
				669EF70916186ED800456B55 /* Foundation.framework in Frameworks */,
				669EF70B16186ED800456B55 /* CoreGraphics.framework in Frameworks */,
			);
			runOnlyForDeploymentPostprocessing = 0;
		};
/* End PBXFrameworksBuildPhase section */

/* Begin PBXGroup section */
		669EF6F716186ED800456B55 = {
			isa = PBXGroup;
			children = (
				669EF70C16186ED800456B55 /* ActionSheet Example */,
				669EF70516186ED800456B55 /* Frameworks */,
				669EF70316186ED800456B55 /* Products */,
			);
			sourceTree = "<group>";
		};
		669EF70316186ED800456B55 /* Products */ = {
			isa = PBXGroup;
			children = (
				669EF70216186ED800456B55 /* ActionSheet Example.app */,
			);
			name = Products;
			sourceTree = "<group>";
		};
		669EF70516186ED800456B55 /* Frameworks */ = {
			isa = PBXGroup;
			children = (
				669EF70616186ED800456B55 /* UIKit.framework */,
				669EF70816186ED800456B55 /* Foundation.framework */,
				669EF70A16186ED800456B55 /* CoreGraphics.framework */,
			);
			name = Frameworks;
			sourceTree = "<group>";
		};
		669EF70C16186ED800456B55 /* ActionSheet Example */ = {
			isa = PBXGroup;
			children = (
				669EF72D16186FD000456B55 /* LTKPopoverActionSheet */,
				669EF71516186ED800456B55 /* LTKAppDelegate.h */,
				669EF71616186ED800456B55 /* LTKAppDelegate.m */,
				669EF71E16186ED800456B55 /* LTKViewController.h */,
				669EF71F16186ED800456B55 /* LTKViewController.m */,
				669EF72116186ED800456B55 /* LTKViewController.xib */,
				66FCA80A162258FE00253DF5 /* LTKPopoverBackgroundView.h */,
				66FCA80B162258FE00253DF5 /* LTKPopoverBackgroundView.m */,
				669EF70D16186ED800456B55 /* Supporting Files */,
			);
			path = "ActionSheet Example";
			sourceTree = "<group>";
		};
		669EF70D16186ED800456B55 /* Supporting Files */ = {
			isa = PBXGroup;
			children = (
				66104EF21627BAED004FD90C /* popover-arrow.png */,
				66104EF31627BAED004FD90C /* popover-arrow@2x.png */,
				66104EF41627BAED004FD90C /* popover-background.png */,
				66104EF51627BAED004FD90C /* popover-background@2x.png */,
				66104EFA1627C197004FD90C /* normal-button.png */,
				66104EFB1627C197004FD90C /* normal-button@2x.png */,
				66104EFE1627C271004FD90C /* normal-button-pressed.png */,
				66104EFF1627C271004FD90C /* normal-button-pressed@2x.png */,
				66104F021627C82D004FD90C /* destructive-button.png */,
				66104F031627C82D004FD90C /* destructive-button@2x.png */,
				66104F061627C83A004FD90C /* destructive-button-pressed.png */,
				66104F071627C83A004FD90C /* destructive-button-pressed@2x.png */,
				669EF70E16186ED800456B55 /* ActionSheet Example-Info.plist */,
				669EF70F16186ED800456B55 /* InfoPlist.strings */,
				669EF71216186ED800456B55 /* main.m */,
				669EF71416186ED800456B55 /* ActionSheet Example-Prefix.pch */,
				669EF71816186ED800456B55 /* Default.png */,
				669EF71A16186ED800456B55 /* Default@2x.png */,
				669EF71C16186ED800456B55 /* Default-568h@2x.png */,
				6613AB45162826F200BF8C3D /* Icon@2x.png */,
				6613AB43162826E200BF8C3D /* Icon.png */,
			);
			name = "Supporting Files";
			sourceTree = "<group>";
		};
		669EF72D16186FD000456B55 /* LTKPopoverActionSheet */ = {
			isa = PBXGroup;
			children = (
				669EF72E16186FD000456B55 /* LTKPopoverActionSheet.h */,
				669EF72F16186FD000456B55 /* LTKPopoverActionSheet.m */,
				6658E91F1618D5C300D21DE8 /* LTKPopoverActionSheetDelegate.h */,
			);
			name = LTKPopoverActionSheet;
			path = ../../LTKPopoverActionSheet;
			sourceTree = "<group>";
		};
/* End PBXGroup section */

/* Begin PBXNativeTarget section */
		669EF70116186ED800456B55 /* ActionSheet Example */ = {
			isa = PBXNativeTarget;
			buildConfigurationList = 669EF72616186ED800456B55 /* Build configuration list for PBXNativeTarget "ActionSheet Example" */;
			buildPhases = (
				669EF6FE16186ED800456B55 /* Sources */,
				669EF6FF16186ED800456B55 /* Frameworks */,
				669EF70016186ED800456B55 /* Resources */,
			);
			buildRules = (
			);
			dependencies = (
			);
			name = "ActionSheet Example";
			productName = "ActionSheet Example";
			productReference = 669EF70216186ED800456B55 /* ActionSheet Example.app */;
			productType = "com.apple.product-type.application";
		};
/* End PBXNativeTarget section */

/* Begin PBXProject section */
		669EF6F916186ED800456B55 /* Project object */ = {
			isa = PBXProject;
			attributes = {
				CLASSPREFIX = LTK;
				LastUpgradeCheck = 0450;
				ORGANIZATIONNAME = "Logical Thought";
			};
			buildConfigurationList = 669EF6FC16186ED800456B55 /* Build configuration list for PBXProject "ActionSheet Example" */;
			compatibilityVersion = "Xcode 3.2";
			developmentRegion = English;
			hasScannedForEncodings = 0;
			knownRegions = (
				en,
			);
			mainGroup = 669EF6F716186ED800456B55;
			productRefGroup = 669EF70316186ED800456B55 /* Products */;
			projectDirPath = "";
			projectRoot = "";
			targets = (
				669EF70116186ED800456B55 /* ActionSheet Example */,
			);
		};
/* End PBXProject section */

/* Begin PBXResourcesBuildPhase section */
		669EF70016186ED800456B55 /* Resources */ = {
			isa = PBXResourcesBuildPhase;
			buildActionMask = 2147483647;
			files = (
				669EF71116186ED800456B55 /* InfoPlist.strings in Resources */,
				669EF71916186ED800456B55 /* Default.png in Resources */,
				669EF71B16186ED800456B55 /* Default@2x.png in Resources */,
				669EF71D16186ED800456B55 /* Default-568h@2x.png in Resources */,
				669EF72316186ED800456B55 /* LTKViewController.xib in Resources */,
				66104EF61627BAED004FD90C /* popover-arrow.png in Resources */,
				66104EF71627BAED004FD90C /* popover-arrow@2x.png in Resources */,
				66104EF81627BAED004FD90C /* popover-background.png in Resources */,
				66104EF91627BAED004FD90C /* popover-background@2x.png in Resources */,
				66104EFC1627C197004FD90C /* normal-button.png in Resources */,
				66104EFD1627C197004FD90C /* normal-button@2x.png in Resources */,
				66104F001627C271004FD90C /* normal-button-pressed.png in Resources */,
				66104F011627C271004FD90C /* normal-button-pressed@2x.png in Resources */,
				66104F041627C82D004FD90C /* destructive-button.png in Resources */,
				66104F051627C82D004FD90C /* destructive-button@2x.png in Resources */,
				66104F081627C83A004FD90C /* destructive-button-pressed.png in Resources */,
				66104F091627C83A004FD90C /* destructive-button-pressed@2x.png in Resources */,
				6613AB44162826E200BF8C3D /* Icon.png in Resources */,
				6613AB46162826F200BF8C3D /* Icon@2x.png in Resources */,
			);
			runOnlyForDeploymentPostprocessing = 0;
		};
/* End PBXResourcesBuildPhase section */

/* Begin PBXSourcesBuildPhase section */
		669EF6FE16186ED800456B55 /* Sources */ = {
			isa = PBXSourcesBuildPhase;
			buildActionMask = 2147483647;
			files = (
				669EF71316186ED800456B55 /* main.m in Sources */,
				669EF71716186ED800456B55 /* LTKAppDelegate.m in Sources */,
				669EF72016186ED800456B55 /* LTKViewController.m in Sources */,
				669EF73016186FD000456B55 /* LTKPopoverActionSheet.m in Sources */,
				66FCA80C162258FE00253DF5 /* LTKPopoverBackgroundView.m in Sources */,
			);
			runOnlyForDeploymentPostprocessing = 0;
		};
/* End PBXSourcesBuildPhase section */

/* Begin PBXVariantGroup section */
		669EF70F16186ED800456B55 /* InfoPlist.strings */ = {
			isa = PBXVariantGroup;
			children = (
				669EF71016186ED800456B55 /* en */,
			);
			name = InfoPlist.strings;
			sourceTree = "<group>";
		};
		669EF72116186ED800456B55 /* LTKViewController.xib */ = {
			isa = PBXVariantGroup;
			children = (
				669EF72216186ED800456B55 /* en */,
			);
			name = LTKViewController.xib;
			sourceTree = "<group>";
		};
/* End PBXVariantGroup section */

/* Begin XCBuildConfiguration section */
		669EF72416186ED800456B55 /* Debug */ = {
			isa = XCBuildConfiguration;
			buildSettings = {
				ALWAYS_SEARCH_USER_PATHS = NO;
				CLANG_CXX_LANGUAGE_STANDARD = "gnu++0x";
				CLANG_CXX_LIBRARY = "libc++";
				CLANG_ENABLE_OBJC_ARC = YES;
				CLANG_WARN_EMPTY_BODY = YES;
				CLANG_WARN__DUPLICATE_METHOD_MATCH = YES;
				"CODE_SIGN_IDENTITY[sdk=iphoneos*]" = "iPhone Developer: Adam Schlag (3E5KNMTGVU)";
				COPY_PHASE_STRIP = NO;
				GCC_C_LANGUAGE_STANDARD = gnu99;
				GCC_DYNAMIC_NO_PIC = NO;
				GCC_OPTIMIZATION_LEVEL = 0;
				GCC_PREPROCESSOR_DEFINITIONS = (
					"DEBUG=1",
					"$(inherited)",
				);
				GCC_SYMBOLS_PRIVATE_EXTERN = NO;
				GCC_WARN_ABOUT_RETURN_TYPE = YES;
				GCC_WARN_UNINITIALIZED_AUTOS = YES;
				GCC_WARN_UNUSED_VARIABLE = YES;
				IPHONEOS_DEPLOYMENT_TARGET = 6.0;
				"PROVISIONING_PROFILE[sdk=iphoneos*]" = "EB4EE8A0-0565-436B-B7A7-91640FFDA5F7";
				SDKROOT = iphoneos;
				TARGETED_DEVICE_FAMILY = 2;
			};
			name = Debug;
		};
		669EF72516186ED800456B55 /* Release */ = {
			isa = XCBuildConfiguration;
			buildSettings = {
				ALWAYS_SEARCH_USER_PATHS = NO;
				CLANG_CXX_LANGUAGE_STANDARD = "gnu++0x";
				CLANG_CXX_LIBRARY = "libc++";
				CLANG_ENABLE_OBJC_ARC = YES;
				CLANG_WARN_EMPTY_BODY = YES;
				CLANG_WARN__DUPLICATE_METHOD_MATCH = YES;
				"CODE_SIGN_IDENTITY[sdk=iphoneos*]" = "iPhone Developer";
				COPY_PHASE_STRIP = YES;
				GCC_C_LANGUAGE_STANDARD = gnu99;
				GCC_WARN_ABOUT_RETURN_TYPE = YES;
				GCC_WARN_UNINITIALIZED_AUTOS = YES;
				GCC_WARN_UNUSED_VARIABLE = YES;
				IPHONEOS_DEPLOYMENT_TARGET = 6.0;
				OTHER_CFLAGS = "-DNS_BLOCK_ASSERTIONS=1";
				SDKROOT = iphoneos;
				TARGETED_DEVICE_FAMILY = 2;
				VALIDATE_PRODUCT = YES;
			};
			name = Release;
		};
		669EF72716186ED800456B55 /* Debug */ = {
			isa = XCBuildConfiguration;
			buildSettings = {
				GCC_PRECOMPILE_PREFIX_HEADER = YES;
				GCC_PREFIX_HEADER = "ActionSheet Example/ActionSheet Example-Prefix.pch";
				INFOPLIST_FILE = "ActionSheet Example/ActionSheet Example-Info.plist";
				IPHONEOS_DEPLOYMENT_TARGET = 5.0;
				PRODUCT_NAME = "$(TARGET_NAME)";
				WRAPPER_EXTENSION = app;
			};
			name = Debug;
		};
		669EF72816186ED800456B55 /* Release */ = {
			isa = XCBuildConfiguration;
			buildSettings = {
				GCC_PRECOMPILE_PREFIX_HEADER = YES;
				GCC_PREFIX_HEADER = "ActionSheet Example/ActionSheet Example-Prefix.pch";
				INFOPLIST_FILE = "ActionSheet Example/ActionSheet Example-Info.plist";
				IPHONEOS_DEPLOYMENT_TARGET = 5.0;
				PRODUCT_NAME = "$(TARGET_NAME)";
				WRAPPER_EXTENSION = app;
			};
			name = Release;
		};
/* End XCBuildConfiguration section */

/* Begin XCConfigurationList section */
		669EF6FC16186ED800456B55 /* Build configuration list for PBXProject "ActionSheet Example" */ = {
			isa = XCConfigurationList;
			buildConfigurations = (
				669EF72416186ED800456B55 /* Debug */,
				669EF72516186ED800456B55 /* Release */,
			);
			defaultConfigurationIsVisible = 0;
			defaultConfigurationName = Release;
		};
		669EF72616186ED800456B55 /* Build configuration list for PBXNativeTarget "ActionSheet Example" */ = {
			isa = XCConfigurationList;
			buildConfigurations = (
				669EF72716186ED800456B55 /* Debug */,
				669EF72816186ED800456B55 /* Release */,
			);
			defaultConfigurationIsVisible = 0;
			defaultConfigurationName = Release;
		};
/* End XCConfigurationList section */
	};
	rootObject = 669EF6F916186ED800456B55 /* Project object */;
}
